
Microsoft Visual Studio Solution File, Format Version 12.00
# Visual Studio Version 17
VisualStudioVersion = 17.4.33403.182
MinimumVisualStudioVersion = 10.0.40219.1
Project("{FAE04EC0-301F-11D3-BF4B-00C04F79EFBC}") = "BrowserGame.Server", "BrowserGame\Server\BrowserGame.Server.csproj", "{D9CA5C9C-A21E-4BD2-81D7-5BC3E5866ABD}"
EndProject
Project("{FAE04EC0-301F-11D3-BF4B-00C04F79EFBC}") = "BrowserGame.Client", "BrowserGame\Client\BrowserGame.Client.csproj", "{CA35200D-928E-44A0-B386-42AC28D30BB4}"
EndProject
Project("{FAE04EC0-301F-11D3-BF4B-00C04F79EFBC}") = "BrowserGame.Shared", "BrowserGame\Shared\BrowserGame.Shared.csproj", "{57108892-A25C-4A15-8911-012ABABB1746}"
EndProject
Global
	GlobalSection(SolutionConfigurationPlatforms) = preSolution
		Debug|Any CPU = Debug|Any CPU
		Release|Any CPU = Release|Any CPU
	EndGlobalSection
	GlobalSection(ProjectConfigurationPlatforms) = postSolution
		{D9CA5C9C-A21E-4BD2-81D7-5BC3E5866ABD}.Debug|Any CPU.ActiveCfg = Debug|Any CPU
		{D9CA5C9C-A21E-4BD2-81D7-5BC3E5866ABD}.Debug|Any CPU.Build.0 = Debug|Any CPU
		{D9CA5C9C-A21E-4BD2-81D7-5BC3E5866ABD}.Release|Any CPU.ActiveCfg = Release|Any CPU
		{D9CA5C9C-A21E-4BD2-81D7-5BC3E5866ABD}.Release|Any CPU.Build.0 = Release|Any CPU
		{CA35200D-928E-44A0-B386-42AC28D30BB4}.Debug|Any CPU.ActiveCfg = Debug|Any CPU
		{CA35200D-928E-44A0-B386-42AC28D30BB4}.Debug|Any CPU.Build.0 = Debug|Any CPU
		{CA35200D-928E-44A0-B386-42AC28D30BB4}.Release|Any CPU.ActiveCfg = Release|Any CPU
		{CA35200D-928E-44A0-B386-42AC28D30BB4}.Release|Any CPU.Build.0 = Release|Any CPU
		{57108892-A25C-4A15-8911-012ABABB1746}.Debug|Any CPU.ActiveCfg = Debug|Any CPU
		{57108892-A25C-4A15-8911-012ABABB1746}.Debug|Any CPU.Build.0 = Debug|Any CPU
		{57108892-A25C-4A15-8911-012ABABB1746}.Release|Any CPU.ActiveCfg = Release|Any CPU
		{57108892-A25C-4A15-8911-012ABABB1746}.Release|Any CPU.Build.0 = Release|Any CPU
	EndGlobalSection
	GlobalSection(SolutionProperties) = preSolution
		HideSolutionNode = FALSE
	EndGlobalSection
	GlobalSection(ExtensibilityGlobals) = postSolution
		SolutionGuid = {5CF7B9F5-F46E-4EED-A141-9971FB658E75}
	EndGlobalSection
EndGlobal
